
Microsoft Visual Studio Solution File, Format Version 12.00
# Visual Studio Version 17
VisualStudioVersion = 17.2.32519.379
MinimumVisualStudioVersion = 10.0.40219.1
Project("{FAE04EC0-301F-11D3-BF4B-00C04F79EFBC}") = "mantis-tests", "mantis-tests\mantis-tests.csproj", "{335B31D7-942B-4FF5-98B6-05F6BF2C323C}"
EndProject
Global
	GlobalSection(SolutionConfigurationPlatforms) = preSolution
		Debug|Any CPU = Debug|Any CPU
		Release|Any CPU = Release|Any CPU
	EndGlobalSection
	GlobalSection(ProjectConfigurationPlatforms) = postSolution
		{335B31D7-942B-4FF5-98B6-05F6BF2C323C}.Debug|Any CPU.ActiveCfg = Debug|Any CPU
		{335B31D7-942B-4FF5-98B6-05F6BF2C323C}.Debug|Any CPU.Build.0 = Debug|Any CPU
		{335B31D7-942B-4FF5-98B6-05F6BF2C323C}.Release|Any CPU.ActiveCfg = Release|Any CPU
		{335B31D7-942B-4FF5-98B6-05F6BF2C323C}.Release|Any CPU.Build.0 = Release|Any CPU
	EndGlobalSection
	GlobalSection(SolutionProperties) = preSolution
		HideSolutionNode = FALSE
	EndGlobalSection
	GlobalSection(ExtensibilityGlobals) = postSolution
		SolutionGuid = {465C71C2-DEC4-4C8A-A167-81DE3A4440DB}
	EndGlobalSection
EndGlobal
